
Microsoft Visual Studio Solution File, Format Version 12.00
# Visual Studio Version 17
VisualStudioVersion = 17.13.35931.197
MinimumVisualStudioVersion = 10.0.40219.1
Project("{8BC9CEB8-8B4A-11D0-8D11-00A0C91BC942}") = "HelloWorld", "HelloWorld\HelloWorld.vcxproj", "{428E58E1-0610-4B37-AA0A-01D1704383F5}"
EndProject
Project("{8BC9CEB8-8B4A-11D0-8D11-00A0C91BC942}") = "RollTheDice", "RollTheDice\RollTheDice.vcxproj", "{045EAD09-44F9-4517-821B-DB7538E5F526}"
EndProject
Project("{8BC9CEB8-8B4A-11D0-8D11-00A0C91BC942}") = "Enums", "Enums\Enums.vcxproj", "{40B22A91-A215-4252-9407-18B92A385D64}"
EndProject
Project("{8BC9CEB8-8B4A-11D0-8D11-00A0C91BC942}") = "CoffeeMachine", "CoffeeMachine\CoffeeMachine.vcxproj", "{FE014A65-1EC4-4F26-859E-BABD7D9DCC27}"
EndProject
Project("{8BC9CEB8-8B4A-11D0-8D11-00A0C91BC942}") = "StdPrint_StdFormat", "StdPrint_StdFormat\StdPrint_StdFormat.vcxproj", "{47E60813-EB7D-4BAB-99F7-CD874ADD663E}"
EndProject
Project("{8BC9CEB8-8B4A-11D0-8D11-00A0C91BC942}") = "DataStructures", "DataStructures\DataStructures.vcxproj", "{06102321-E345-44F9-8FF7-7C0118B130D5}"
EndProject
Global
	GlobalSection(SolutionConfigurationPlatforms) = preSolution
		Debug|ARM64 = Debug|ARM64
		Debug|x64 = Debug|x64
		Debug|x86 = Debug|x86
		Release|ARM64 = Release|ARM64
		Release|x64 = Release|x64
		Release|x86 = Release|x86
	EndGlobalSection
	GlobalSection(ProjectConfigurationPlatforms) = postSolution
		{428E58E1-0610-4B37-AA0A-01D1704383F5}.Debug|ARM64.ActiveCfg = Debug|ARM64
		{428E58E1-0610-4B37-AA0A-01D1704383F5}.Debug|ARM64.Build.0 = Debug|ARM64
		{428E58E1-0610-4B37-AA0A-01D1704383F5}.Debug|x64.ActiveCfg = Debug|x64
		{428E58E1-0610-4B37-AA0A-01D1704383F5}.Debug|x64.Build.0 = Debug|x64
		{428E58E1-0610-4B37-AA0A-01D1704383F5}.Debug|x86.ActiveCfg = Debug|Win32
		{428E58E1-0610-4B37-AA0A-01D1704383F5}.Debug|x86.Build.0 = Debug|Win32
		{428E58E1-0610-4B37-AA0A-01D1704383F5}.Release|ARM64.ActiveCfg = Release|ARM64
		{428E58E1-0610-4B37-AA0A-01D1704383F5}.Release|ARM64.Build.0 = Release|ARM64
		{428E58E1-0610-4B37-AA0A-01D1704383F5}.Release|x64.ActiveCfg = Release|x64
		{428E58E1-0610-4B37-AA0A-01D1704383F5}.Release|x64.Build.0 = Release|x64
		{428E58E1-0610-4B37-AA0A-01D1704383F5}.Release|x86.ActiveCfg = Release|Win32
		{428E58E1-0610-4B37-AA0A-01D1704383F5}.Release|x86.Build.0 = Release|Win32
		{045EAD09-44F9-4517-821B-DB7538E5F526}.Debug|ARM64.ActiveCfg = Debug|ARM64
		{045EAD09-44F9-4517-821B-DB7538E5F526}.Debug|ARM64.Build.0 = Debug|ARM64
		{045EAD09-44F9-4517-821B-DB7538E5F526}.Debug|x64.ActiveCfg = Debug|x64
		{045EAD09-44F9-4517-821B-DB7538E5F526}.Debug|x64.Build.0 = Debug|x64
		{045EAD09-44F9-4517-821B-DB7538E5F526}.Debug|x86.ActiveCfg = Debug|Win32
		{045EAD09-44F9-4517-821B-DB7538E5F526}.Debug|x86.Build.0 = Debug|Win32
		{045EAD09-44F9-4517-821B-DB7538E5F526}.Release|ARM64.ActiveCfg = Release|ARM64
		{045EAD09-44F9-4517-821B-DB7538E5F526}.Release|ARM64.Build.0 = Release|ARM64
		{045EAD09-44F9-4517-821B-DB7538E5F526}.Release|x64.ActiveCfg = Release|x64
		{045EAD09-44F9-4517-821B-DB7538E5F526}.Release|x64.Build.0 = Release|x64
		{045EAD09-44F9-4517-821B-DB7538E5F526}.Release|x86.ActiveCfg = Release|Win32
		{045EAD09-44F9-4517-821B-DB7538E5F526}.Release|x86.Build.0 = Release|Win32
		{40B22A91-A215-4252-9407-18B92A385D64}.Debug|ARM64.ActiveCfg = Debug|ARM64
		{40B22A91-A215-4252-9407-18B92A385D64}.Debug|ARM64.Build.0 = Debug|ARM64
		{40B22A91-A215-4252-9407-18B92A385D64}.Debug|x64.ActiveCfg = Debug|x64
		{40B22A91-A215-4252-9407-18B92A385D64}.Debug|x64.Build.0 = Debug|x64
		{40B22A91-A215-4252-9407-18B92A385D64}.Debug|x86.ActiveCfg = Debug|Win32
		{40B22A91-A215-4252-9407-18B92A385D64}.Debug|x86.Build.0 = Debug|Win32
		{40B22A91-A215-4252-9407-18B92A385D64}.Release|ARM64.ActiveCfg = Release|ARM64
		{40B22A91-A215-4252-9407-18B92A385D64}.Release|ARM64.Build.0 = Release|ARM64
		{40B22A91-A215-4252-9407-18B92A385D64}.Release|x64.ActiveCfg = Release|x64
		{40B22A91-A215-4252-9407-18B92A385D64}.Release|x64.Build.0 = Release|x64
		{40B22A91-A215-4252-9407-18B92A385D64}.Release|x86.ActiveCfg = Release|Win32
		{40B22A91-A215-4252-9407-18B92A385D64}.Release|x86.Build.0 = Release|Win32
		{FE014A65-1EC4-4F26-859E-BABD7D9DCC27}.Debug|ARM64.ActiveCfg = Debug|ARM64
		{FE014A65-1EC4-4F26-859E-BABD7D9DCC27}.Debug|ARM64.Build.0 = Debug|ARM64
		{FE014A65-1EC4-4F26-859E-BABD7D9DCC27}.Debug|x64.ActiveCfg = Debug|x64
		{FE014A65-1EC4-4F26-859E-BABD7D9DCC27}.Debug|x64.Build.0 = Debug|x64
		{FE014A65-1EC4-4F26-859E-BABD7D9DCC27}.Debug|x86.ActiveCfg = Debug|Win32
		{FE014A65-1EC4-4F26-859E-BABD7D9DCC27}.Debug|x86.Build.0 = Debug|Win32
		{FE014A65-1EC4-4F26-859E-BABD7D9DCC27}.Release|ARM64.ActiveCfg = Release|ARM64
		{FE014A65-1EC4-4F26-859E-BABD7D9DCC27}.Release|ARM64.Build.0 = Release|ARM64
		{FE014A65-1EC4-4F26-859E-BABD7D9DCC27}.Release|x64.ActiveCfg = Release|x64
		{FE014A65-1EC4-4F26-859E-BABD7D9DCC27}.Release|x64.Build.0 = Release|x64
		{FE014A65-1EC4-4F26-859E-BABD7D9DCC27}.Release|x86.ActiveCfg = Release|Win32
		{FE014A65-1EC4-4F26-859E-BABD7D9DCC27}.Release|x86.Build.0 = Release|Win32
		{47E60813-EB7D-4BAB-99F7-CD874ADD663E}.Debug|ARM64.ActiveCfg = Debug|ARM64
		{47E60813-EB7D-4BAB-99F7-CD874ADD663E}.Debug|ARM64.Build.0 = Debug|ARM64
		{47E60813-EB7D-4BAB-99F7-CD874ADD663E}.Debug|x64.ActiveCfg = Debug|x64
		{47E60813-EB7D-4BAB-99F7-CD874ADD663E}.Debug|x64.Build.0 = Debug|x64
		{47E60813-EB7D-4BAB-99F7-CD874ADD663E}.Debug|x86.ActiveCfg = Debug|Win32
		{47E60813-EB7D-4BAB-99F7-CD874ADD663E}.Debug|x86.Build.0 = Debug|Win32
		{47E60813-EB7D-4BAB-99F7-CD874ADD663E}.Release|ARM64.ActiveCfg = Release|ARM64
		{47E60813-EB7D-4BAB-99F7-CD874ADD663E}.Release|ARM64.Build.0 = Release|ARM64
		{47E60813-EB7D-4BAB-99F7-CD874ADD663E}.Release|x64.ActiveCfg = Release|x64
		{47E60813-EB7D-4BAB-99F7-CD874ADD663E}.Release|x64.Build.0 = Release|x64
		{47E60813-EB7D-4BAB-99F7-CD874ADD663E}.Release|x86.ActiveCfg = Release|Win32
		{47E60813-EB7D-4BAB-99F7-CD874ADD663E}.Release|x86.Build.0 = Release|Win32
		{06102321-E345-44F9-8FF7-7C0118B130D5}.Debug|ARM64.ActiveCfg = Debug|ARM64
		{06102321-E345-44F9-8FF7-7C0118B130D5}.Debug|ARM64.Build.0 = Debug|ARM64
		{06102321-E345-44F9-8FF7-7C0118B130D5}.Debug|x64.ActiveCfg = Debug|x64
		{06102321-E345-44F9-8FF7-7C0118B130D5}.Debug|x64.Build.0 = Debug|x64
		{06102321-E345-44F9-8FF7-7C0118B130D5}.Debug|x86.ActiveCfg = Debug|Win32
		{06102321-E345-44F9-8FF7-7C0118B130D5}.Debug|x86.Build.0 = Debug|Win32
		{06102321-E345-44F9-8FF7-7C0118B130D5}.Release|ARM64.ActiveCfg = Release|ARM64
		{06102321-E345-44F9-8FF7-7C0118B130D5}.Release|ARM64.Build.0 = Release|ARM64
		{06102321-E345-44F9-8FF7-7C0118B130D5}.Release|x64.ActiveCfg = Release|x64
		{06102321-E345-44F9-8FF7-7C0118B130D5}.Release|x64.Build.0 = Release|x64
		{06102321-E345-44F9-8FF7-7C0118B130D5}.Release|x86.ActiveCfg = Release|Win32
		{06102321-E345-44F9-8FF7-7C0118B130D5}.Release|x86.Build.0 = Release|Win32
	EndGlobalSection
	GlobalSection(SolutionProperties) = preSolution
		HideSolutionNode = FALSE
	EndGlobalSection
	GlobalSection(ExtensibilityGlobals) = postSolution
		SolutionGuid = {D67D2619-DE79-438B-95CB-B5CA19A4B16E}
	EndGlobalSection
EndGlobal
